
Microsoft Visual Studio Solution File, Format Version 12.00
# Visual Studio Version 17
VisualStudioVersion = 17.3.32901.215
MinimumVisualStudioVersion = 10.0.40219.1
Project("{FAE04EC0-301F-11D3-BF4B-00C04F79EFBC}") = "net_hesaplama", "net_hesaplama\net_hesaplama.csproj", "{476FF468-E1F7-4AC3-826A-40F581814FB5}"
EndProject
Global
	GlobalSection(SolutionConfigurationPlatforms) = preSolution
		Debug|Any CPU = Debug|Any CPU
		Release|Any CPU = Release|Any CPU
	EndGlobalSection
	GlobalSection(ProjectConfigurationPlatforms) = postSolution
		{476FF468-E1F7-4AC3-826A-40F581814FB5}.Debug|Any CPU.ActiveCfg = Debug|Any CPU
		{476FF468-E1F7-4AC3-826A-40F581814FB5}.Debug|Any CPU.Build.0 = Debug|Any CPU
		{476FF468-E1F7-4AC3-826A-40F581814FB5}.Release|Any CPU.ActiveCfg = Release|Any CPU
		{476FF468-E1F7-4AC3-826A-40F581814FB5}.Release|Any CPU.Build.0 = Release|Any CPU
	EndGlobalSection
	GlobalSection(SolutionProperties) = preSolution
		HideSolutionNode = FALSE
	EndGlobalSection
	GlobalSection(ExtensibilityGlobals) = postSolution
		SolutionGuid = {29165B43-4EAC-4624-A6AC-D9A32B0B5BA0}
	EndGlobalSection
EndGlobal
